PODS:
  - SQLCipher (3.4.1):
    - SQLCipher/standard (= 3.4.1)
  - SQLCipher/common (3.4.1)
  - SQLCipher/standard (3.4.1):
    - SQLCipher/common

DEPENDENCIES:
  - SQLCipher (~> 3.4.0)

SPEC CHECKSUMS:
  SQLCipher: 43d12c0eb9c57fb438749618fc3ce0065509a559

PODFILE CHECKSUM: eda09f662899dbebf5e83e453a3d8d0346d840cd

COCOAPODS: 1.2.1
